
Microsoft Visual Studio Solution File, Format Version 12.00
# Visual Studio Version 17
VisualStudioVersion = 17.10.34707.107
MinimumVisualStudioVersion = 10.0.40219.1
Project("{9A19103F-16F7-4668-BE54-9A1E7A4F7556}") = "programaçaoDoZero", "programaçaoDoZero\programaçaoDoZero.csproj", "{4A21C1B7-0C2B-40C9-BABE-B0E75E15BF71}"
EndProject
Project("{2150E333-8FDC-42A3-9474-1A3956D46DE8}") = "DbScripts", "DbScripts", "{F0C09EE2-12BA-4BC7-8B57-9AE34C5CFDEA}"
	ProjectSection(SolutionItems) = preProject
		ScriptsCriacao.sql = ScriptsCriacao.sql
	EndProjectSection
EndProject
Global
	GlobalSection(SolutionConfigurationPlatforms) = preSolution
		Debug|Any CPU = Debug|Any CPU
		Release|Any CPU = Release|Any CPU
	EndGlobalSection
	GlobalSection(ProjectConfigurationPlatforms) = postSolution
		{4A21C1B7-0C2B-40C9-BABE-B0E75E15BF71}.Debug|Any CPU.ActiveCfg = Debug|Any CPU
		{4A21C1B7-0C2B-40C9-BABE-B0E75E15BF71}.Debug|Any CPU.Build.0 = Debug|Any CPU
		{4A21C1B7-0C2B-40C9-BABE-B0E75E15BF71}.Release|Any CPU.ActiveCfg = Release|Any CPU
		{4A21C1B7-0C2B-40C9-BABE-B0E75E15BF71}.Release|Any CPU.Build.0 = Release|Any CPU
	EndGlobalSection
	GlobalSection(SolutionProperties) = preSolution
		HideSolutionNode = FALSE
	EndGlobalSection
	GlobalSection(ExtensibilityGlobals) = postSolution
		SolutionGuid = {F2736D36-2AFD-4B50-87D7-A728B7FD60FD}
	EndGlobalSection
EndGlobal
